
Microsoft Visual Studio Solution File, Format Version 12.00
# Visual Studio Version 16
VisualStudioVersion = 16.0.31624.102
MinimumVisualStudioVersion = 10.0.40219.1
Project("{FAE04EC0-301F-11D3-BF4B-00C04F79EFBC}") = "RobotWebServices", "RobotWebServices.csproj", "{F9DF5FF1-7F68-4751-B452-6B21584A5488}"
EndProject
Global
	GlobalSection(SolutionConfigurationPlatforms) = preSolution
		Debug|Any CPU = Debug|Any CPU
		Release|Any CPU = Release|Any CPU
	EndGlobalSection
	GlobalSection(ProjectConfigurationPlatforms) = postSolution
		{F9DF5FF1-7F68-4751-B452-6B21584A5488}.Debug|Any CPU.ActiveCfg = Debug|Any CPU
		{F9DF5FF1-7F68-4751-B452-6B21584A5488}.Debug|Any CPU.Build.0 = Debug|Any CPU
		{F9DF5FF1-7F68-4751-B452-6B21584A5488}.Release|Any CPU.ActiveCfg = Release|Any CPU
		{F9DF5FF1-7F68-4751-B452-6B21584A5488}.Release|Any CPU.Build.0 = Release|Any CPU
	EndGlobalSection
	GlobalSection(SolutionProperties) = preSolution
		HideSolutionNode = FALSE
	EndGlobalSection
	GlobalSection(ExtensibilityGlobals) = postSolution
		SolutionGuid = {DCF84FF8-0A16-487D-800C-6AFCB731E061}
	EndGlobalSection
EndGlobal
